{
  "originHash" : "da0f57c367e0ae5c344e32e0b5ae2a2be2cc3f338cde581c2e0a3def333a33ff",
  "pins" : [
    {
      "identity" : "amplitude-swift",
      "kind" : "remoteSourceControl",
      "location" : "https://github.com/amplitude/Amplitude-Swift",
      "state" : {
        "branch" : "main",
        "revision" : "3c357b2c31d4031ac52ad2f170c43a550a136b32"
      }
    },
    {
      "identity" : "amplitudecore-swift",
      "kind" : "remoteSourceControl",
      "location" : "https://github.com/amplitude/AmplitudeCore-Swift.git",
      "state" : {
        "revision" : "ff6c51468788daa82e5cc559ce519581f21dcf6e",
        "version" : "1.4.0"
      }
    },
    {
      "identity" : "analytics-connector-ios",
      "kind" : "remoteSourceControl",
      "location" : "https://github.com/amplitude/analytics-connector-ios.git",
      "state" : {
        "revision" : "4adbfe85486e6dcdcdca5fa9362097ffe5ec712b",
        "version" : "1.3.1"
      }
    },
    {
      "identity" : "sentry-cocoa",
      "kind" : "remoteSourceControl",
      "location" : "https://github.com/getsentry/sentry-cocoa/",
      "state" : {
        "revision" : "16cd512711375fa73f25ae5e373f596bdf4251ae",
        "version" : "8.58.0"
      }
    }
  ],
  "version" : 3
}
